
Microsoft Visual Studio Solution File, Format Version 12.00
# Visual Studio 2012
Project("{FAE04EC0-301F-11D3-BF4B-00C04F79EFBC}") = "MassTransit.ProtoBufMessageSerializer", "MassTransit.ProtoBufMessageSerializer.csproj", "{B939683C-7937-42D4-945A-A199B1E1CECF}"
EndProject
Global
	GlobalSection(SolutionConfigurationPlatforms) = preSolution
		Debug|Any CPU = Debug|Any CPU
		Release|Any CPU = Release|Any CPU
	EndGlobalSection
	GlobalSection(ProjectConfigurationPlatforms) = postSolution
		{B939683C-7937-42D4-945A-A199B1E1CECF}.Debug|Any CPU.ActiveCfg = Debug|Any CPU
		{B939683C-7937-42D4-945A-A199B1E1CECF}.Debug|Any CPU.Build.0 = Debug|Any CPU
		{B939683C-7937-42D4-945A-A199B1E1CECF}.Release|Any CPU.ActiveCfg = Release|Any CPU
		{B939683C-7937-42D4-945A-A199B1E1CECF}.Release|Any CPU.Build.0 = Release|Any CPU
	EndGlobalSection
	GlobalSection(SolutionProperties) = preSolution
		HideSolutionNode = FALSE
	EndGlobalSection
EndGlobal
